// !$*UTF8*$!
{
	archiveVersion = 1;
	classes = {
	};
	objectVersion = 50;
	objects = {

/* Begin PBXBuildFile section */
		D15CD2B725E7C50A00EDB156 /* AppDelegate.swift in Sources */ = {isa = PBXBuildFile; fileRef = D15CD2B625E7C50A00EDB156 /* AppDelegate.swift */; };
		D15CD2B925E7C50A00EDB156 /* SceneDelegate.swift in Sources */ = {isa = PBXBuildFile; fileRef = D15CD2B825E7C50A00EDB156 /* SceneDelegate.swift */; };
		D15CD2BB25E7C50A00EDB156 /* ViewController.swift in Sources */ = {isa = PBXBuildFile; fileRef = D15CD2BA25E7C50A00EDB156 /* ViewController.swift */; };
		D15CD2BE25E7C50A00EDB156 /* Main.storyboard in Resources */ = {isa = PBXBuildFile; fileRef = D15CD2BC25E7C50A00EDB156 /* Main.storyboard */; };
		D15CD2C025E7C50D00EDB156 /* Assets.xcassets in Resources */ = {isa = PBXBuildFile; fileRef = D15CD2BF25E7C50D00EDB156 /* Assets.xcassets */; };
		D15CD2C325E7C50D00EDB156 /* LaunchScreen.storyboard in Resources */ = {isa = PBXBuildFile; fileRef = D15CD2C125E7C50D00EDB156 /* LaunchScreen.storyboard */; };
		D15CD2CE25E7C50D00EDB156 /* ChessBoardAssignmentTests.swift in Sources */ = {isa = PBXBuildFile; fileRef = D15CD2CD25E7C50D00EDB156 /* ChessBoardAssignmentTests.swift */; };
		D15CD2D925E7C50D00EDB156 /* ChessBoardAssignmentUITests.swift in Sources */ = {isa = PBXBuildFile; fileRef = D15CD2D825E7C50D00EDB156 /* ChessBoardAssignmentUITests.swift */; };
/* End PBXBuildFile section */

/* Begin PBXContainerItemProxy section */
		D15CD2CA25E7C50D00EDB156 /* PBXContainerItemProxy */ = {
			isa = PBXContainerItemProxy;
			containerPortal = D15CD2AB25E7C50A00EDB156 /* Project object */;
			proxyType = 1;
			remoteGlobalIDString = D15CD2B225E7C50A00EDB156;
			remoteInfo = ChessBoardAssignment;
		};
		D15CD2D525E7C50D00EDB156 /* PBXContainerItemProxy */ = {
			isa = PBXContainerItemProxy;
			containerPortal = D15CD2AB25E7C50A00EDB156 /* Project object */;
			proxyType = 1;
			remoteGlobalIDString = D15CD2B225E7C50A00EDB156;
			remoteInfo = ChessBoardAssignment;
		};
/* End PBXContainerItemProxy section */

/* Begin PBXFileReference section */
		D15CD2B325E7C50A00EDB156 /* ChessBoardAssignment.app */ = {isa = PBXFileReference; explicitFileType = wrapper.application; includeInIndex = 0; path = ChessBoardAssignment.app; sourceTree = BUILT_PRODUCTS_DIR; };
		D15CD2B625E7C50A00EDB156 /* AppDelegate.swift */ = {isa = PBXFileReference; lastKnownFileType = sourcecode.swift; path = AppDelegate.swift; sourceTree = "<group>"; };
		D15CD2B825E7C50A00EDB156 /* SceneDelegate.swift */ = {isa = PBXFileReference; lastKnownFileType = sourcecode.swift; path = SceneDelegate.swift; sourceTree = "<group>"; };
		D15CD2BA25E7C50A00EDB156 /* ViewController.swift */ = {isa = PBXFileReference; lastKnownFileType = sourcecode.swift; path = ViewController.swift; sourceTree = "<group>"; };
		D15CD2BD25E7C50A00EDB156 /* Base */ = {isa = PBXFileReference; lastKnownFileType = file.storyboard; name = Base; path = Base.lproj/Main.storyboard; sourceTree = "<group>"; };
		D15CD2BF25E7C50D00EDB156 /* Assets.xcassets */ = {isa = PBXFileReference; lastKnownFileType = folder.assetcatalog; path = Assets.xcassets; sourceTree = "<group>"; };
		D15CD2C225E7C50D00EDB156 /* Base */ = {isa = PBXFileReference; lastKnownFileType = file.storyboard; name = Base; path = Base.lproj/LaunchScreen.storyboard; sourceTree = "<group>"; };
		D15CD2C425E7C50D00EDB156 /* Info.plist */ = {isa = PBXFileReference; lastKnownFileType = text.plist.xml; path = Info.plist; sourceTree = "<group>"; };
		D15CD2C925E7C50D00EDB156 /* ChessBoardAssignmentTests.xctest */ = {isa = PBXFileReference; explicitFileType = wrapper.cfbundle; includeInIndex = 0; path = ChessBoardAssignmentTests.xctest; sourceTree = BUILT_PRODUCTS_DIR; };
		D15CD2CD25E7C50D00EDB156 /* ChessBoardAssignmentTests.swift */ = {isa = PBXFileReference; lastKnownFileType = sourcecode.swift; path = ChessBoardAssignmentTests.swift; sourceTree = "<group>"; };
		D15CD2CF25E7C50D00EDB156 /* Info.plist */ = {isa = PBXFileReference; lastKnownFileType = text.plist.xml; path = Info.plist; sourceTree = "<group>"; };
		D15CD2D425E7C50D00EDB156 /* ChessBoardAssignmentUITests.xctest */ = {isa = PBXFileReference; explicitFileType = wrapper.cfbundle; includeInIndex = 0; path = ChessBoardAssignmentUITests.xctest; sourceTree = BUILT_PRODUCTS_DIR; };
		D15CD2D825E7C50D00EDB156 /* ChessBoardAssignmentUITests.swift */ = {isa = PBXFileReference; lastKnownFileType = sourcecode.swift; path = ChessBoardAssignmentUITests.swift; sourceTree = "<group>"; };
		D15CD2DA25E7C50D00EDB156 /* Info.plist */ = {isa = PBXFileReference; lastKnownFileType = text.plist.xml; path = Info.plist; sourceTree = "<group>"; };
/* End PBXFileReference section */

/* Begin PBXFrameworksBuildPhase section */
		D15CD2B025E7C50A00EDB156 /* Frameworks */ = {
			isa = PBXFrameworksBuildPhase;
			buildActionMask = 2147483647;
			files = (
			);
			runOnlyForDeploymentPostprocessing = 0;
		};
		D15CD2C625E7C50D00EDB156 /* Frameworks */ = {
			isa = PBXFrameworksBuildPhase;
			buildActionMask = 2147483647;
			files = (
			);
			runOnlyForDeploymentPostprocessing = 0;
		};
		D15CD2D125E7C50D00EDB156 /* Frameworks */ = {
			isa = PBXFrameworksBuildPhase;
			buildActionMask = 2147483647;
			files = (
			);
			runOnlyForDeploymentPostprocessing = 0;
		};
/* End PBXFrameworksBuildPhase section */

/* Begin PBXGroup section */
		D15CD2AA25E7C50A00EDB156 = {
			isa = PBXGroup;
			children = (
				D15CD2B525E7C50A00EDB156 /* ChessBoardAssignment */,
				D15CD2CC25E7C50D00EDB156 /* ChessBoardAssignmentTests */,
				D15CD2D725E7C50D00EDB156 /* ChessBoardAssignmentUITests */,
				D15CD2B425E7C50A00EDB156 /* Products */,
			);
			sourceTree = "<group>";
		};
		D15CD2B425E7C50A00EDB156 /* Products */ = {
			isa = PBXGroup;
			children = (
				D15CD2B325E7C50A00EDB156 /* ChessBoardAssignment.app */,
				D15CD2C925E7C50D00EDB156 /* ChessBoardAssignmentTests.xctest */,
				D15CD2D425E7C50D00EDB156 /* ChessBoardAssignmentUITests.xctest */,
			);
			name = Products;
			sourceTree = "<group>";
		};
		D15CD2B525E7C50A00EDB156 /* ChessBoardAssignment */ = {
			isa = PBXGroup;
			children = (
				D15CD2B625E7C50A00EDB156 /* AppDelegate.swift */,
				D15CD2B825E7C50A00EDB156 /* SceneDelegate.swift */,
				D15CD2BA25E7C50A00EDB156 /* ViewController.swift */,
				D15CD2BC25E7C50A00EDB156 /* Main.storyboard */,
				D15CD2BF25E7C50D00EDB156 /* Assets.xcassets */,
				D15CD2C125E7C50D00EDB156 /* LaunchScreen.storyboard */,
				D15CD2C425E7C50D00EDB156 /* Info.plist */,
			);
			path = ChessBoardAssignment;
			sourceTree = "<group>";
		};
		D15CD2CC25E7C50D00EDB156 /* ChessBoardAssignmentTests */ = {
			isa = PBXGroup;
			children = (
				D15CD2CD25E7C50D00EDB156 /* ChessBoardAssignmentTests.swift */,
				D15CD2CF25E7C50D00EDB156 /* Info.plist */,
			);
			path = ChessBoardAssignmentTests;
			sourceTree = "<group>";
		};
		D15CD2D725E7C50D00EDB156 /* ChessBoardAssignmentUITests */ = {
			isa = PBXGroup;
			children = (
				D15CD2D825E7C50D00EDB156 /* ChessBoardAssignmentUITests.swift */,
				D15CD2DA25E7C50D00EDB156 /* Info.plist */,
			);
			path = ChessBoardAssignmentUITests;
			sourceTree = "<group>";
		};
/* End PBXGroup section */

/* Begin PBXNativeTarget section */
		D15CD2B225E7C50A00EDB156 /* ChessBoardAssignment */ = {
			isa = PBXNativeTarget;
			buildConfigurationList = D15CD2DD25E7C50D00EDB156 /* Build configuration list for PBXNativeTarget "ChessBoardAssignment" */;
			buildPhases = (
				D15CD2AF25E7C50A00EDB156 /* Sources */,
				D15CD2B025E7C50A00EDB156 /* Frameworks */,
				D15CD2B125E7C50A00EDB156 /* Resources */,
			);
			buildRules = (
			);
			dependencies = (
			);
			name = ChessBoardAssignment;
			productName = ChessBoardAssignment;
			productReference = D15CD2B325E7C50A00EDB156 /* ChessBoardAssignment.app */;
			productType = "com.apple.product-type.application";
		};
		D15CD2C825E7C50D00EDB156 /* ChessBoardAssignmentTests */ = {
			isa = PBXNativeTarget;
			buildConfigurationList = D15CD2E025E7C50D00EDB156 /* Build configuration list for PBXNativeTarget "ChessBoardAssignmentTests" */;
			buildPhases = (
				D15CD2C525E7C50D00EDB156 /* Sources */,
				D15CD2C625E7C50D00EDB156 /* Frameworks */,
				D15CD2C725E7C50D00EDB156 /* Resources */,
			);
			buildRules = (
			);
			dependencies = (
				D15CD2CB25E7C50D00EDB156 /* PBXTargetDependency */,
			);
			name = ChessBoardAssignmentTests;
			productName = ChessBoardAssignmentTests;
			productReference = D15CD2C925E7C50D00EDB156 /* ChessBoardAssignmentTests.xctest */;
			productType = "com.apple.product-type.bundle.unit-test";
		};
		D15CD2D325E7C50D00EDB156 /* ChessBoardAssignmentUITests */ = {
			isa = PBXNativeTarget;
			buildConfigurationList = D15CD2E325E7C50D00EDB156 /* Build configuration list for PBXNativeTarget "ChessBoardAssignmentUITests" */;
			buildPhases = (
				D15CD2D025E7C50D00EDB156 /* Sources */,
				D15CD2D125E7C50D00EDB156 /* Frameworks */,
				D15CD2D225E7C50D00EDB156 /* Resources */,
			);
			buildRules = (
			);
			dependencies = (
				D15CD2D625E7C50D00EDB156 /* PBXTargetDependency */,
			);
			name = ChessBoardAssignmentUITests;
			productName = ChessBoardAssignmentUITests;
			productReference = D15CD2D425E7C50D00EDB156 /* ChessBoardAssignmentUITests.xctest */;
			productType = "com.apple.product-type.bundle.ui-testing";
		};
/* End PBXNativeTarget section */

/* Begin PBXProject section */
		D15CD2AB25E7C50A00EDB156 /* Project object */ = {
			isa = PBXProject;
			attributes = {
				LastSwiftUpdateCheck = 1240;
				LastUpgradeCheck = 1240;
				TargetAttributes = {
					D15CD2B225E7C50A00EDB156 = {
						CreatedOnToolsVersion = 12.4;
					};
					D15CD2C825E7C50D00EDB156 = {
						CreatedOnToolsVersion = 12.4;
						TestTargetID = D15CD2B225E7C50A00EDB156;
					};
					D15CD2D325E7C50D00EDB156 = {
						CreatedOnToolsVersion = 12.4;
						TestTargetID = D15CD2B225E7C50A00EDB156;
					};
				};
			};
			buildConfigurationList = D15CD2AE25E7C50A00EDB156 /* Build configuration list for PBXProject "ChessBoardAssignment" */;
			compatibilityVersion = "Xcode 9.3";
			developmentRegion = en;
			hasScannedForEncodings = 0;
			knownRegions = (
				en,
				Base,
			);
			mainGroup = D15CD2AA25E7C50A00EDB156;
			productRefGroup = D15CD2B425E7C50A00EDB156 /* Products */;
			projectDirPath = "";
			projectRoot = "";
			targets = (
				D15CD2B225E7C50A00EDB156 /* ChessBoardAssignment */,
				D15CD2C825E7C50D00EDB156 /* ChessBoardAssignmentTests */,
				D15CD2D325E7C50D00EDB156 /* ChessBoardAssignmentUITests */,
			);
		};
/* End PBXProject section */

/* Begin PBXResourcesBuildPhase section */
		D15CD2B125E7C50A00EDB156 /* Resources */ = {
			isa = PBXResourcesBuildPhase;
			buildActionMask = 2147483647;
			files = (
				D15CD2C325E7C50D00EDB156 /* LaunchScreen.storyboard in Resources */,
				D15CD2C025E7C50D00EDB156 /* Assets.xcassets in Resources */,
				D15CD2BE25E7C50A00EDB156 /* Main.storyboard in Resources */,
			);
			runOnlyForDeploymentPostprocessing = 0;
		};
		D15CD2C725E7C50D00EDB156 /* Resources */ = {
			isa = PBXResourcesBuildPhase;
			buildActionMask = 2147483647;
			files = (
			);
			runOnlyForDeploymentPostprocessing = 0;
		};
		D15CD2D225E7C50D00EDB156 /* Resources */ = {
			isa = PBXResourcesBuildPhase;
			buildActionMask = 2147483647;
			files = (
			);
			runOnlyForDeploymentPostprocessing = 0;
		};
/* End PBXResourcesBuildPhase section */

/* Begin PBXSourcesBuildPhase section */
		D15CD2AF25E7C50A00EDB156 /* Sources */ = {
			isa = PBXSourcesBuildPhase;
			buildActionMask = 2147483647;
			files = (
				D15CD2BB25E7C50A00EDB156 /* ViewController.swift in Sources */,
				D15CD2B725E7C50A00EDB156 /* AppDelegate.swift in Sources */,
				D15CD2B925E7C50A00EDB156 /* SceneDelegate.swift in Sources */,
			);
			runOnlyForDeploymentPostprocessing = 0;
		};
		D15CD2C525E7C50D00EDB156 /* Sources */ = {
			isa = PBXSourcesBuildPhase;
			buildActionMask = 2147483647;
			files = (
				D15CD2CE25E7C50D00EDB156 /* ChessBoardAssignmentTests.swift in Sources */,
			);
			runOnlyForDeploymentPostprocessing = 0;
		};
		D15CD2D025E7C50D00EDB156 /* Sources */ = {
			isa = PBXSourcesBuildPhase;
			buildActionMask = 2147483647;
			files = (
				D15CD2D925E7C50D00EDB156 /* ChessBoardAssignmentUITests.swift in Sources */,
			);
			runOnlyForDeploymentPostprocessing = 0;
		};
/* End PBXSourcesBuildPhase section */

/* Begin PBXTargetDependency section */
		D15CD2CB25E7C50D00EDB156 /* PBXTargetDependency */ = {
			isa = PBXTargetDependency;
			target = D15CD2B225E7C50A00EDB156 /* ChessBoardAssignment */;
			targetProxy = D15CD2CA25E7C50D00EDB156 /* PBXContainerItemProxy */;
		};
		D15CD2D625E7C50D00EDB156 /* PBXTargetDependency */ = {
			isa = PBXTargetDependency;
			target = D15CD2B225E7C50A00EDB156 /* ChessBoardAssignment */;
			targetProxy = D15CD2D525E7C50D00EDB156 /* PBXContainerItemProxy */;
		};
/* End PBXTargetDependency section */

/* Begin PBXVariantGroup section */
		D15CD2BC25E7C50A00EDB156 /* Main.storyboard */ = {
			isa = PBXVariantGroup;
			children = (
				D15CD2BD25E7C50A00EDB156 /* Base */,
			);
			name = Main.storyboard;
			sourceTree = "<group>";
		};
		D15CD2C125E7C50D00EDB156 /* LaunchScreen.storyboard */ = {
			isa = PBXVariantGroup;
			children = (
				D15CD2C225E7C50D00EDB156 /* Base */,
			);
			name = LaunchScreen.storyboard;
			sourceTree = "<group>";
		};
/* End PBXVariantGroup section */

/* Begin XCBuildConfiguration section */
		D15CD2DB25E7C50D00EDB156 /* Debug */ = {
			isa = XCBuildConfiguration;
			buildSettings = {
				ALWAYS_SEARCH_USER_PATHS = NO;
				CLANG_ANALYZER_NONNULL = YES;
				CLANG_ANALYZER_NUMBER_OBJECT_CONVERSION = YES_AGGRESSIVE;
				CLANG_CXX_LANGUAGE_STANDARD = "gnu++14";
				CLANG_CXX_LIBRARY = "libc++";
				CLANG_ENABLE_MODULES = YES;
				CLANG_ENABLE_OBJC_ARC = YES;
				CLANG_ENABLE_OBJC_WEAK = YES;
				CLANG_WARN_BLOCK_CAPTURE_AUTORELEASING = YES;
				CLANG_WARN_BOOL_CONVERSION = YES;
				CLANG_WARN_COMMA = YES;
				CLANG_WARN_CONSTANT_CONVERSION = YES;
				CLANG_WARN_DEPRECATED_OBJC_IMPLEMENTATIONS = YES;
				CLANG_WARN_DIRECT_OBJC_ISA_USAGE = YES_ERROR;
				CLANG_WARN_DOCUMENTATION_COMMENTS = YES;
				CLANG_WARN_EMPTY_BODY = YES;
				CLANG_WARN_ENUM_CONVERSION = YES;
				CLANG_WARN_INFINITE_RECURSION = YES;
				CLANG_WARN_INT_CONVERSION = YES;
				CLANG_WARN_NON_LITERAL_NULL_CONVERSION = YES;
				CLANG_WARN_OBJC_IMPLICIT_RETAIN_SELF = YES;
				CLANG_WARN_OBJC_LITERAL_CONVERSION = YES;
				CLANG_WARN_OBJC_ROOT_CLASS = YES_ERROR;
				CLANG_WARN_QUOTED_INCLUDE_IN_FRAMEWORK_HEADER = YES;
				CLANG_WARN_RANGE_LOOP_ANALYSIS = YES;
				CLANG_WARN_STRICT_PROTOTYPES = YES;
				CLANG_WARN_SUSPICIOUS_MOVE = YES;
				CLANG_WARN_UNGUARDED_AVAILABILITY = YES_AGGRESSIVE;
				CLANG_WARN_UNREACHABLE_CODE = YES;
				CLANG_WARN__DUPLICATE_METHOD_MATCH = YES;
				COPY_PHASE_STRIP = NO;
				DEBUG_INFORMATION_FORMAT = dwarf;
				ENABLE_STRICT_OBJC_MSGSEND = YES;
				ENABLE_TESTABILITY = YES;
				GCC_C_LANGUAGE_STANDARD = gnu11;
				GCC_DYNAMIC_NO_PIC = NO;
				GCC_NO_COMMON_BLOCKS = YES;
				GCC_OPTIMIZATION_LEVEL = 0;
				GCC_PREPROCESSOR_DEFINITIONS = (
					"DEBUG=1",
					"$(inherited)",
				);
				GCC_WARN_64_TO_32_BIT_CONVERSION = YES;
				GCC_WARN_ABOUT_RETURN_TYPE = YES_ERROR;
				GCC_WARN_UNDECLARED_SELECTOR = YES;
				GCC_WARN_UNINITIALIZED_AUTOS = YES_AGGRESSIVE;
				GCC_WARN_UNUSED_FUNCTION = YES;
				GCC_WARN_UNUSED_VARIABLE = YES;
				IPHONEOS_DEPLOYMENT_TARGET = 14.4;
				MTL_ENABLE_DEBUG_INFO = INCLUDE_SOURCE;
				MTL_FAST_MATH = YES;
				ONLY_ACTIVE_ARCH = YES;
				SDKROOT = iphoneos;
				SWIFT_ACTIVE_COMPILATION_CONDITIONS = DEBUG;
				SWIFT_OPTIMIZATION_LEVEL = "-Onone";
			};
			name = Debug;
		};
		D15CD2DC25E7C50D00EDB156 /* Release */ = {
			isa = XCBuildConfiguration;
			buildSettings = {
				ALWAYS_SEARCH_USER_PATHS = NO;
				CLANG_ANALYZER_NONNULL = YES;
				CLANG_ANALYZER_NUMBER_OBJECT_CONVERSION = YES_AGGRESSIVE;
				CLANG_CXX_LANGUAGE_STANDARD = "gnu++14";
				CLANG_CXX_LIBRARY = "libc++";
				CLANG_ENABLE_MODULES = YES;
				CLANG_ENABLE_OBJC_ARC = YES;
				CLANG_ENABLE_OBJC_WEAK = YES;
				CLANG_WARN_BLOCK_CAPTURE_AUTORELEASING = YES;
				CLANG_WARN_BOOL_CONVERSION = YES;
				CLANG_WARN_COMMA = YES;
				CLANG_WARN_CONSTANT_CONVERSION = YES;
				CLANG_WARN_DEPRECATED_OBJC_IMPLEMENTATIONS = YES;
				CLANG_WARN_DIRECT_OBJC_ISA_USAGE = YES_ERROR;
				CLANG_WARN_DOCUMENTATION_COMMENTS = YES;
				CLANG_WARN_EMPTY_BODY = YES;
				CLANG_WARN_ENUM_CONVERSION = YES;
				CLANG_WARN_INFINITE_RECURSION = YES;
				CLANG_WARN_INT_CONVERSION = YES;
				CLANG_WARN_NON_LITERAL_NULL_CONVERSION = YES;
				CLANG_WARN_OBJC_IMPLICIT_RETAIN_SELF = YES;
				CLANG_WARN_OBJC_LITERAL_CONVERSION = YES;
				CLANG_WARN_OBJC_ROOT_CLASS = YES_ERROR;
				CLANG_WARN_QUOTED_INCLUDE_IN_FRAMEWORK_HEADER = YES;
				CLANG_WARN_RANGE_LOOP_ANALYSIS = YES;
				CLANG_WARN_STRICT_PROTOTYPES = YES;
				CLANG_WARN_SUSPICIOUS_MOVE = YES;
				CLANG_WARN_UNGUARDED_AVAILABILITY = YES_AGGRESSIVE;
				CLANG_WARN_UNREACHABLE_CODE = YES;
				CLANG_WARN__DUPLICATE_METHOD_MATCH = YES;
				COPY_PHASE_STRIP = NO;
				DEBUG_INFORMATION_FORMAT = "dwarf-with-dsym";
				ENABLE_NS_ASSERTIONS = NO;
				ENABLE_STRICT_OBJC_MSGSEND = YES;
				GCC_C_LANGUAGE_STANDARD = gnu11;
				GCC_NO_COMMON_BLOCKS = YES;
				GCC_WARN_64_TO_32_BIT_CONVERSION = YES;
				GCC_WARN_ABOUT_RETURN_TYPE = YES_ERROR;
				GCC_WARN_UNDECLARED_SELECTOR = YES;
				GCC_WARN_UNINITIALIZED_AUTOS = YES_AGGRESSIVE;
				GCC_WARN_UNUSED_FUNCTION = YES;
				GCC_WARN_UNUSED_VARIABLE = YES;
				IPHONEOS_DEPLOYMENT_TARGET = 14.4;
				MTL_ENABLE_DEBUG_INFO = NO;
				MTL_FAST_MATH = YES;
				SDKROOT = iphoneos;
				SWIFT_COMPILATION_MODE = wholemodule;
				SWIFT_OPTIMIZATION_LEVEL = "-O";
				VALIDATE_PRODUCT = YES;
			};
			name = Release;
		};
		D15CD2DE25E7C50D00EDB156 /* Debug */ = {
			isa = XCBuildConfiguration;
			buildSettings = {
				ASSETCATALOG_COMPILER_APPICON_NAME = AppIcon;
				ASSETCATALOG_COMPILER_GLOBAL_ACCENT_COLOR_NAME = AccentColor;
				CODE_SIGN_STYLE = Automatic;
				DEVELOPMENT_TEAM = 7Y79CZPY35;
				INFOPLIST_FILE = ChessBoardAssignment/Info.plist;
				LD_RUNPATH_SEARCH_PATHS = (
					"$(inherited)",
					"@executable_path/Frameworks",
				);
				PRODUCT_BUNDLE_IDENTIFIER = ilevio.ChessBoardAssignment;
				PRODUCT_NAME = "$(TARGET_NAME)";
				SWIFT_VERSION = 5.0;
				TARGETED_DEVICE_FAMILY = "1,2";
			};
			name = Debug;
		};
		D15CD2DF25E7C50D00EDB156 /* Release */ = {
			isa = XCBuildConfiguration;
			buildSettings = {
				ASSETCATALOG_COMPILER_APPICON_NAME = AppIcon;
				ASSETCATALOG_COMPILER_GLOBAL_ACCENT_COLOR_NAME = AccentColor;
				CODE_SIGN_STYLE = Automatic;
				DEVELOPMENT_TEAM = 7Y79CZPY35;
				INFOPLIST_FILE = ChessBoardAssignment/Info.plist;
				LD_RUNPATH_SEARCH_PATHS = (
					"$(inherited)",
					"@executable_path/Frameworks",
				);
				PRODUCT_BUNDLE_IDENTIFIER = ilevio.ChessBoardAssignment;
				PRODUCT_NAME = "$(TARGET_NAME)";
				SWIFT_VERSION = 5.0;
				TARGETED_DEVICE_FAMILY = "1,2";
			};
			name = Release;
		};
		D15CD2E125E7C50D00EDB156 /* Debug */ = {
			isa = XCBuildConfiguration;
			buildSettings = {
				ALWAYS_EMBED_SWIFT_STANDARD_LIBRARIES = YES;
				BUNDLE_LOADER = "$(TEST_HOST)";
				CODE_SIGN_STYLE = Automatic;
				DEVELOPMENT_TEAM = 7Y79CZPY35;
				INFOPLIST_FILE = ChessBoardAssignmentTests/Info.plist;
				IPHONEOS_DEPLOYMENT_TARGET = 14.4;
				LD_RUNPATH_SEARCH_PATHS = (
					"$(inherited)",
					"@executable_path/Frameworks",
					"@loader_path/Frameworks",
				);
				PRODUCT_BUNDLE_IDENTIFIER = ilevio.ChessBoardAssignmentTests;
				PRODUCT_NAME = "$(TARGET_NAME)";
				SWIFT_VERSION = 5.0;
				TARGETED_DEVICE_FAMILY = "1,2";
				TEST_HOST = "$(BUILT_PRODUCTS_DIR)/ChessBoardAssignment.app/ChessBoardAssignment";
			};
			name = Debug;
		};
		D15CD2E225E7C50D00EDB156 /* Release */ = {
			isa = XCBuildConfiguration;
			buildSettings = {
				ALWAYS_EMBED_SWIFT_STANDARD_LIBRARIES = YES;
				BUNDLE_LOADER = "$(TEST_HOST)";
				CODE_SIGN_STYLE = Automatic;
				DEVELOPMENT_TEAM = 7Y79CZPY35;
				INFOPLIST_FILE = ChessBoardAssignmentTests/Info.plist;
				IPHONEOS_DEPLOYMENT_TARGET = 14.4;
				LD_RUNPATH_SEARCH_PATHS = (
					"$(inherited)",
					"@executable_path/Frameworks",
					"@loader_path/Frameworks",
				);
				PRODUCT_BUNDLE_IDENTIFIER = ilevio.ChessBoardAssignmentTests;
				PRODUCT_NAME = "$(TARGET_NAME)";
				SWIFT_VERSION = 5.0;
				TARGETED_DEVICE_FAMILY = "1,2";
				TEST_HOST = "$(BUILT_PRODUCTS_DIR)/ChessBoardAssignment.app/ChessBoardAssignment";
			};
			name = Release;
		};
		D15CD2E425E7C50D00EDB156 /* Debug */ = {
			isa = XCBuildConfiguration;
			buildSettings = {
				ALWAYS_EMBED_SWIFT_STANDARD_LIBRARIES = YES;
				CODE_SIGN_STYLE = Automatic;
				DEVELOPMENT_TEAM = 7Y79CZPY35;
				INFOPLIST_FILE = ChessBoardAssignmentUITests/Info.plist;
				LD_RUNPATH_SEARCH_PATHS = (
					"$(inherited)",
					"@executable_path/Frameworks",
					"@loader_path/Frameworks",
				);
				PRODUCT_BUNDLE_IDENTIFIER = ilevio.ChessBoardAssignmentUITests;
				PRODUCT_NAME = "$(TARGET_NAME)";
				SWIFT_VERSION = 5.0;
				TARGETED_DEVICE_FAMILY = "1,2";
				TEST_TARGET_NAME = ChessBoardAssignment;
			};
			name = Debug;
		};
		D15CD2E525E7C50D00EDB156 /* Release */ = {
			isa = XCBuildConfiguration;
			buildSettings = {
				ALWAYS_EMBED_SWIFT_STANDARD_LIBRARIES = YES;
				CODE_SIGN_STYLE = Automatic;
				DEVELOPMENT_TEAM = 7Y79CZPY35;
				INFOPLIST_FILE = ChessBoardAssignmentUITests/Info.plist;
				LD_RUNPATH_SEARCH_PATHS = (
					"$(inherited)",
					"@executable_path/Frameworks",
					"@loader_path/Frameworks",
				);
				PRODUCT_BUNDLE_IDENTIFIER = ilevio.ChessBoardAssignmentUITests;
				PRODUCT_NAME = "$(TARGET_NAME)";
				SWIFT_VERSION = 5.0;
				TARGETED_DEVICE_FAMILY = "1,2";
				TEST_TARGET_NAME = ChessBoardAssignment;
			};
			name = Release;
		};
/* End XCBuildConfiguration section */

/* Begin XCConfigurationList section */
		D15CD2AE25E7C50A00EDB156 /* Build configuration list for PBXProject "ChessBoardAssignment" */ = {
			isa = XCConfigurationList;
			buildConfigurations = (
				D15CD2DB25E7C50D00EDB156 /* Debug */,
				D15CD2DC25E7C50D00EDB156 /* Release */,
			);
			defaultConfigurationIsVisible = 0;
			defaultConfigurationName = Release;
		};
		D15CD2DD25E7C50D00EDB156 /* Build configuration list for PBXNativeTarget "ChessBoardAssignment" */ = {
			isa = XCConfigurationList;
			buildConfigurations = (
				D15CD2DE25E7C50D00EDB156 /* Debug */,
				D15CD2DF25E7C50D00EDB156 /* Release */,
			);
			defaultConfigurationIsVisible = 0;
			defaultConfigurationName = Release;
		};
		D15CD2E025E7C50D00EDB156 /* Build configuration list for PBXNativeTarget "ChessBoardAssignmentTests" */ = {
			isa = XCConfigurationList;
			buildConfigurations = (
				D15CD2E125E7C50D00EDB156 /* Debug */,
				D15CD2E225E7C50D00EDB156 /* Release */,
			);
			defaultConfigurationIsVisible = 0;
			defaultConfigurationName = Release;
		};
		D15CD2E325E7C50D00EDB156 /* Build configuration list for PBXNativeTarget "ChessBoardAssignmentUITests" */ = {
			isa = XCConfigurationList;
			buildConfigurations = (
				D15CD2E425E7C50D00EDB156 /* Debug */,
				D15CD2E525E7C50D00EDB156 /* Release */,
			);
			defaultConfigurationIsVisible = 0;
			defaultConfigurationName = Release;
		};
/* End XCConfigurationList section */
	};
	rootObject = D15CD2AB25E7C50A00EDB156 /* Project object */;
}
